
Microsoft Visual Studio Solution File, Format Version 12.00
Project("{FAE04EC0-301F-11D3-BF4B-00C04F79EFBC}") = "Blatt2A2", "Blatt2A2\Blatt2A2.csproj", "{333F6204-B6C6-42C5-B7A4-215B3FF8FD73}"
EndProject
Project("{FAE04EC0-301F-11D3-BF4B-00C04F79EFBC}") = "Blatt2A2Test", "Blatt2A2Test\Blatt2A2Test.csproj", "{A675045F-15BB-482D-B8AD-7589799817D7}"
EndProject
Global
	GlobalSection(SolutionConfigurationPlatforms) = preSolution
		Debug|Any CPU = Debug|Any CPU
		Release|Any CPU = Release|Any CPU
	EndGlobalSection
	GlobalSection(ProjectConfigurationPlatforms) = postSolution
		{333F6204-B6C6-42C5-B7A4-215B3FF8FD73}.Debug|Any CPU.ActiveCfg = Debug|Any CPU
		{333F6204-B6C6-42C5-B7A4-215B3FF8FD73}.Debug|Any CPU.Build.0 = Debug|Any CPU
		{333F6204-B6C6-42C5-B7A4-215B3FF8FD73}.Release|Any CPU.ActiveCfg = Release|Any CPU
		{333F6204-B6C6-42C5-B7A4-215B3FF8FD73}.Release|Any CPU.Build.0 = Release|Any CPU
		{A675045F-15BB-482D-B8AD-7589799817D7}.Debug|Any CPU.ActiveCfg = Debug|Any CPU
		{A675045F-15BB-482D-B8AD-7589799817D7}.Debug|Any CPU.Build.0 = Debug|Any CPU
		{A675045F-15BB-482D-B8AD-7589799817D7}.Release|Any CPU.ActiveCfg = Release|Any CPU
		{A675045F-15BB-482D-B8AD-7589799817D7}.Release|Any CPU.Build.0 = Release|Any CPU
	EndGlobalSection
EndGlobal
