
Microsoft Visual Studio Solution File, Format Version 12.00
Project("{FAE04EC0-301F-11D3-BF4B-00C04F79EFBC}") = "Blatt5A2Sean", "Blatt5A2Sean\Blatt5A2Sean.csproj", "{929BCA0A-DE02-4817-8650-86D9A4408F9C}"
EndProject
Global
	GlobalSection(SolutionConfigurationPlatforms) = preSolution
		Debug|Any CPU = Debug|Any CPU
		Release|Any CPU = Release|Any CPU
	EndGlobalSection
	GlobalSection(ProjectConfigurationPlatforms) = postSolution
		{929BCA0A-DE02-4817-8650-86D9A4408F9C}.Debug|Any CPU.ActiveCfg = Debug|Any CPU
		{929BCA0A-DE02-4817-8650-86D9A4408F9C}.Debug|Any CPU.Build.0 = Debug|Any CPU
		{929BCA0A-DE02-4817-8650-86D9A4408F9C}.Release|Any CPU.ActiveCfg = Release|Any CPU
		{929BCA0A-DE02-4817-8650-86D9A4408F9C}.Release|Any CPU.Build.0 = Release|Any CPU
	EndGlobalSection
EndGlobal
